
Microsoft Visual Studio Solution File, Format Version 12.00
# Visual Studio Version 17
VisualStudioVersion = 17.12.35728.132 d17.12
MinimumVisualStudioVersion = 10.0.40219.1
Project("{FAE04EC0-301F-11D3-BF4B-00C04F79EFBC}") = "TechLibrary.Comunication", "TechLibrary.Comunication\TechLibrary.Comunication.csproj", "{FAA5BD9E-CB5A-4EE1-8EF2-7766C30D805C}"
EndProject
Project("{FAE04EC0-301F-11D3-BF4B-00C04F79EFBC}") = "TechLibrary.Execptions", "TechLibrary.Execptions\TechLibrary.Execptions.csproj", "{EF34A57F-70EF-43B7-9C39-357553768E53}"
EndProject
Project("{FAE04EC0-301F-11D3-BF4B-00C04F79EFBC}") = "TechLibrary.Api", "TechLibrary.Api\TechLibrary.Api.csproj", "{B3FDD545-80D8-4F43-AA8E-C2BD6DDCDDC0}"
EndProject
Project("{FAE04EC0-301F-11D3-BF4B-00C04F79EFBC}") = "TechLibrary.Usecases", "TechLibrary.Usecases\TechLibrary.Usecases.csproj", "{169058B3-4193-49FC-8A4E-FE9CF2C73824}"
EndProject
Project("{FAE04EC0-301F-11D3-BF4B-00C04F79EFBC}") = "Tech.Data", "Tech.Data\Tech.Data.csproj", "{0B17AE8E-A4CC-490C-A1E6-17FD3C52694E}"
EndProject
Global
	GlobalSection(SolutionConfigurationPlatforms) = preSolution
		Debug|Any CPU = Debug|Any CPU
		Release|Any CPU = Release|Any CPU
	EndGlobalSection
	GlobalSection(ProjectConfigurationPlatforms) = postSolution
		{FAA5BD9E-CB5A-4EE1-8EF2-7766C30D805C}.Debug|Any CPU.ActiveCfg = Debug|Any CPU
		{FAA5BD9E-CB5A-4EE1-8EF2-7766C30D805C}.Debug|Any CPU.Build.0 = Debug|Any CPU
		{FAA5BD9E-CB5A-4EE1-8EF2-7766C30D805C}.Release|Any CPU.ActiveCfg = Release|Any CPU
		{FAA5BD9E-CB5A-4EE1-8EF2-7766C30D805C}.Release|Any CPU.Build.0 = Release|Any CPU
		{EF34A57F-70EF-43B7-9C39-357553768E53}.Debug|Any CPU.ActiveCfg = Debug|Any CPU
		{EF34A57F-70EF-43B7-9C39-357553768E53}.Debug|Any CPU.Build.0 = Debug|Any CPU
		{EF34A57F-70EF-43B7-9C39-357553768E53}.Release|Any CPU.ActiveCfg = Release|Any CPU
		{EF34A57F-70EF-43B7-9C39-357553768E53}.Release|Any CPU.Build.0 = Release|Any CPU
		{B3FDD545-80D8-4F43-AA8E-C2BD6DDCDDC0}.Debug|Any CPU.ActiveCfg = Debug|Any CPU
		{B3FDD545-80D8-4F43-AA8E-C2BD6DDCDDC0}.Debug|Any CPU.Build.0 = Debug|Any CPU
		{B3FDD545-80D8-4F43-AA8E-C2BD6DDCDDC0}.Release|Any CPU.ActiveCfg = Release|Any CPU
		{B3FDD545-80D8-4F43-AA8E-C2BD6DDCDDC0}.Release|Any CPU.Build.0 = Release|Any CPU
		{169058B3-4193-49FC-8A4E-FE9CF2C73824}.Debug|Any CPU.ActiveCfg = Debug|Any CPU
		{169058B3-4193-49FC-8A4E-FE9CF2C73824}.Debug|Any CPU.Build.0 = Debug|Any CPU
		{169058B3-4193-49FC-8A4E-FE9CF2C73824}.Release|Any CPU.ActiveCfg = Release|Any CPU
		{169058B3-4193-49FC-8A4E-FE9CF2C73824}.Release|Any CPU.Build.0 = Release|Any CPU
		{0B17AE8E-A4CC-490C-A1E6-17FD3C52694E}.Debug|Any CPU.ActiveCfg = Debug|Any CPU
		{0B17AE8E-A4CC-490C-A1E6-17FD3C52694E}.Debug|Any CPU.Build.0 = Debug|Any CPU
		{0B17AE8E-A4CC-490C-A1E6-17FD3C52694E}.Release|Any CPU.ActiveCfg = Release|Any CPU
		{0B17AE8E-A4CC-490C-A1E6-17FD3C52694E}.Release|Any CPU.Build.0 = Release|Any CPU
	EndGlobalSection
	GlobalSection(SolutionProperties) = preSolution
		HideSolutionNode = FALSE
	EndGlobalSection
EndGlobal
